[[package]]
category = "dev"
description = "Python graph (network) package"
name = "altgraph"
optional = false
python-versions = "*"
version = "0.17"

[[package]]
category = "main"
description = "Python package for providing Mozilla's CA Bundle."
name = "certifi"
optional = false
python-versions = "*"
version = "2019.11.28"

[[package]]
category = "main"
description = "Universal encoding detector for Python 2 and 3"
name = "chardet"
optional = false
python-versions = "*"
version = "3.0.4"

[[package]]
category = "dev"
description = "Python 2.7 backport of the \"dis\" module from Python 3.5+"
name = "dis3"
optional = false
python-versions = "*"
version = "0.1.3"

[[package]]
category = "main"
description = "Internationalized Domain Names in Applications (IDNA)"
name = "idna"
optional = false
python-versions = ">=2.7, !=3.0.*, !=3.1.*, !=3.2.*, !=3.3.*"
version = "2.9"

[[package]]
category = "dev"
description = "PyInstaller bundles a Python application and all its dependencies into a single package."
name = "pyinstaller"
optional = false
python-versions = ">=2.7, !=3.0.*, !=3.1.*, !=3.2.*, !=3.3.*, !=3.4.*"
version = "3.6"

[package.dependencies]
altgraph = "*"
dis3 = "*"
setuptools = "*"

[[package]]
category = "dev"
description = "Lightweight Python Build Tool."
name = "pynt"
optional = false
python-versions = "*"
version = "0.8.2"

[[package]]
category = "main"
description = "Python HTTP for Humans."
name = "requests"
optional = false
python-versions = ">=2.7, !=3.0.*, !=3.1.*, !=3.2.*, !=3.3.*, !=3.4.*"
version = "2.23.0"

[package.dependencies]
certifi = ">=2017.4.17"
chardet = ">=3.0.2,<4"
idna = ">=2.5,<3"
urllib3 = ">=1.21.1,<1.25.0 || >1.25.0,<1.25.1 || >1.25.1,<1.26"

[package.extras]
security = ["pyOpenSSL (>=0.14)", "cryptography (>=1.3.4)"]
socks = ["PySocks (>=1.5.6,<1.5.7 || >1.5.7)", "win-inet-pton"]

[[package]]
category = "main"
description = "HTTP library with thread-safe connection pooling, file post, and more."
name = "urllib3"
optional = false
python-versions = ">=2.7, !=3.0.*, !=3.1.*, !=3.2.*, !=3.3.*, !=3.4.*, <4"
version = "1.25.8"

[package.extras]
brotli = ["brotlipy (>=0.6.0)"]
secure = ["pyOpenSSL (>=0.14)", "cryptography (>=1.3.4)", "idna (>=2.0.0)", "certifi", "ipaddress"]
socks = ["PySocks (>=1.5.6,<1.5.7 || >1.5.7,<2.0)"]

[metadata]
content-hash = "23151f78b1588e5758a26fb0141a8f01b16eb29f2497d8f8ba9a07dc0ff930d3"
python-versions = "^3.6"

[metadata.files]
altgraph = [
    {file = "altgraph-0.17-py2.py3-none-any.whl", hash = "sha256:c623e5f3408ca61d4016f23a681b9adb100802ca3e3da5e718915a9e4052cebe"},
    {file = "altgraph-0.17.tar.gz", hash = "sha256:1f05a47122542f97028caf78775a095fbe6a2699b5089de8477eb583167d69aa"},
]
certifi = [
    {file = "certifi-2019.11.28-py2.py3-none-any.whl", hash = "sha256:017c25db2a153ce562900032d5bc68e9f191e44e9a0f762f373977de9df1fbb3"},
    {file = "certifi-2019.11.28.tar.gz", hash = "sha256:25b64c7da4cd7479594d035c08c2d809eb4aab3a26e5a990ea98cc450c320f1f"},
]
chardet = [
    {file = "chardet-3.0.4-py2.py3-none-any.whl", hash = "sha256:fc323ffcaeaed0e0a02bf4d117757b98aed530d9ed4531e3e15460124c106691"},
    {file = "chardet-3.0.4.tar.gz", hash = "sha256:84ab92ed1c4d4f16916e05906b6b75a6c0fb5db821cc65e70cbd64a3e2a5eaae"},
]
dis3 = [
    {file = "dis3-0.1.3-py2-none-any.whl", hash = "sha256:61f7720dd0d8749d23fda3d7227ce74d73da11c2fade993a67ab2f9852451b14"},
    {file = "dis3-0.1.3-py3-none-any.whl", hash = "sha256:30b6412d33d738663e8ded781b138f4b01116437f0872aa56aa3adba6aeff218"},
    {file = "dis3-0.1.3.tar.gz", hash = "sha256:9259b881fc1df02ed12ac25f82d4a85b44241854330b1a651e40e0c675cb2d1e"},
]
idna = [
    {file = "idna-2.9-py2.py3-none-any.whl", hash = "sha256:a068a21ceac8a4d63dbfd964670474107f541babbd2250d61922f029858365fa"},
    {file = "idna-2.9.tar.gz", hash = "sha256:7588d1c14ae4c77d74036e8c22ff447b26d0fde8f007354fd48a7814db15b7cb"},
]
pyinstaller = [
    {file = "PyInstaller-3.6.tar.gz", hash = "sha256:3730fa80d088f8bb7084d32480eb87cbb4ddb64123363763cf8f2a1378c1c4b7"},
]
pynt = [
    {file = "pynt-0.8.2-py3-none-any.whl", hash = "sha256:be13be37f8237be4a6f6f3031aebcb0c2e61a1894a85a21b85a21e397961c7b3"},
    {file = "pynt-0.8.2.tar.gz", hash = "sha256:f38b9b775804eff6e291bd6894669954d94c680b196adee56c96d082a135483c"},
]
requests = [
    {file = "requests-2.23.0-py2.py3-none-any.whl", hash = "sha256:43999036bfa82904b6af1d99e4882b560e5e2c68e5c4b0aa03b655f3d7d73fee"},
    {file = "requests-2.23.0.tar.gz", hash = "sha256:b3f43d496c6daba4493e7c431722aeb7dbc6288f52a6e04e7b6023b0247817e6"},
]
urllib3 = [
    {file = "urllib3-1.25.8-py2.py3-none-any.whl", hash = "sha256:2f3db8b19923a873b3e5256dc9c2dedfa883e33d87c690d9c7913e1f40673cdc"},
    {file = "urllib3-1.25.8.tar.gz", hash = "sha256:87716c2d2a7121198ebcb7ce7cccf6ce5e9ba539041cfbaeecfb641dc0bf6acc"},
]
